
Microsoft Visual Studio Solution File, Format Version 12.00
# Visual Studio Version 16
VisualStudioVersion = 16.0.29020.237
MinimumVisualStudioVersion = 10.0.40219.1
Project("{FAE04EC0-301F-11D3-BF4B-00C04F79EFBC}") = "BookAPI2", "BookAPI2\BookAPI2.csproj", "{FD9E2B98-FCAA-4211-922B-C99CDA999D8A}"
EndProject
Global
	GlobalSection(SolutionConfigurationPlatforms) = preSolution
		Debug|Any CPU = Debug|Any CPU
		Release|Any CPU = Release|Any CPU
	EndGlobalSection
	GlobalSection(ProjectConfigurationPlatforms) = postSolution
		{FD9E2B98-FCAA-4211-922B-C99CDA999D8A}.Debug|Any CPU.ActiveCfg = Debug|Any CPU
		{FD9E2B98-FCAA-4211-922B-C99CDA999D8A}.Debug|Any CPU.Build.0 = Debug|Any CPU
		{FD9E2B98-FCAA-4211-922B-C99CDA999D8A}.Release|Any CPU.ActiveCfg = Release|Any CPU
		{FD9E2B98-FCAA-4211-922B-C99CDA999D8A}.Release|Any CPU.Build.0 = Release|Any CPU
	EndGlobalSection
	GlobalSection(SolutionProperties) = preSolution
		HideSolutionNode = FALSE
	EndGlobalSection
	GlobalSection(ExtensibilityGlobals) = postSolution
		SolutionGuid = {C9B28D0D-7076-4867-A5F6-FEED63062026}
	EndGlobalSection
EndGlobal
